
Microsoft Visual Studio Solution File, Format Version 12.00
# Visual Studio Version 16
VisualStudioVersion = 16.0.29403.142
MinimumVisualStudioVersion = 10.0.40219.1
Project("{FAE04EC0-301F-11D3-BF4B-00C04F79EFBC}") = "Adunare_Numere_Mari", "Adunare_Numere_Mari\Adunare_Numere_Mari.csproj", "{5B145F83-C378-425D-9E08-C63502F0B68B}"
EndProject
Global
	GlobalSection(SolutionConfigurationPlatforms) = preSolution
		Debug|Any CPU = Debug|Any CPU
		Release|Any CPU = Release|Any CPU
	EndGlobalSection
	GlobalSection(ProjectConfigurationPlatforms) = postSolution
		{5B145F83-C378-425D-9E08-C63502F0B68B}.Debug|Any CPU.ActiveCfg = Debug|Any CPU
		{5B145F83-C378-425D-9E08-C63502F0B68B}.Debug|Any CPU.Build.0 = Debug|Any CPU
		{5B145F83-C378-425D-9E08-C63502F0B68B}.Release|Any CPU.ActiveCfg = Release|Any CPU
		{5B145F83-C378-425D-9E08-C63502F0B68B}.Release|Any CPU.Build.0 = Release|Any CPU
	EndGlobalSection
	GlobalSection(SolutionProperties) = preSolution
		HideSolutionNode = FALSE
	EndGlobalSection
	GlobalSection(ExtensibilityGlobals) = postSolution
		SolutionGuid = {858C6543-04B6-4AA5-AEEF-E387A8193057}
	EndGlobalSection
EndGlobal
